// !$*UTF8*$!
{
	archiveVersion = 1;
	classes = {
	};
	objectVersion = 55;
	objects = {

/* Begin PBXBuildFile section */
		0423E9BB27185053004D6D57 /* AppDelegate.swift in Sources */ = {isa = PBXBuildFile; fileRef = 0423E9BA27185053004D6D57 /* AppDelegate.swift */; };
		0423E9BD27185053004D6D57 /* SceneDelegate.swift in Sources */ = {isa = PBXBuildFile; fileRef = 0423E9BC27185053004D6D57 /* SceneDelegate.swift */; };
		0423E9BF27185053004D6D57 /* ViewController.swift in Sources */ = {isa = PBXBuildFile; fileRef = 0423E9BE27185053004D6D57 /* ViewController.swift */; };
		0423E9C227185053004D6D57 /* Main.storyboard in Resources */ = {isa = PBXBuildFile; fileRef = 0423E9C027185053004D6D57 /* Main.storyboard */; };
		0423E9C427185054004D6D57 /* Assets.xcassets in Resources */ = {isa = PBXBuildFile; fileRef = 0423E9C327185054004D6D57 /* Assets.xcassets */; };
		0423E9C727185054004D6D57 /* LaunchScreen.storyboard in Resources */ = {isa = PBXBuildFile; fileRef = 0423E9C527185054004D6D57 /* LaunchScreen.storyboard */; };
		0423E9D0271855E9004D6D57 /* Kingfisher in Frameworks */ = {isa = PBXBuildFile; productRef = 0423E9CF271855E9004D6D57 /* Kingfisher */; };
		049919A8271D4619006A24D0 /* MoviesResponse.swift in Sources */ = {isa = PBXBuildFile; fileRef = 049919A7271D4619006A24D0 /* MoviesResponse.swift */; };
		049919AA271D687F006A24D0 /* NetworkManager.swift in Sources */ = {isa = PBXBuildFile; fileRef = 049919A9271D687F006A24D0 /* NetworkManager.swift */; };
		04A02FE9271EEACB00E06095 /* MovieObject.swift in Sources */ = {isa = PBXBuildFile; fileRef = 04A02FE8271EEACB00E06095 /* MovieObject.swift */; };
		04A61E01271C070C0085E661 /* Recipe.swift in Sources */ = {isa = PBXBuildFile; fileRef = 04A61E00271C070C0085E661 /* Recipe.swift */; };
		04A61E03271C14420085E661 /* User.swift in Sources */ = {isa = PBXBuildFile; fileRef = 04A61E02271C14420085E661 /* User.swift */; };
		04A61E05271C1C5D0085E661 /* RecipeCell.swift in Sources */ = {isa = PBXBuildFile; fileRef = 04A61E04271C1C5D0085E661 /* RecipeCell.swift */; };
		04A61E08271C3EAB0085E661 /* Alamofire in Frameworks */ = {isa = PBXBuildFile; productRef = 04A61E07271C3EAB0085E661 /* Alamofire */; };
		04C8EC6D272532E200CED0D6 /* TaskModel.swift in Sources */ = {isa = PBXBuildFile; fileRef = 04C8EC6C272532E200CED0D6 /* TaskModel.swift */; };
		04C8EC6F272533AD00CED0D6 /* Task.swift in Sources */ = {isa = PBXBuildFile; fileRef = 04C8EC6E272533AD00CED0D6 /* Task.swift */; };
/* End PBXBuildFile section */

/* Begin PBXFileReference section */
		0423E9B727185053004D6D57 /* GetDataFromApi.app */ = {isa = PBXFileReference; explicitFileType = wrapper.application; includeInIndex = 0; path = GetDataFromApi.app; sourceTree = BUILT_PRODUCTS_DIR; };
		0423E9BA27185053004D6D57 /* AppDelegate.swift */ = {isa = PBXFileReference; lastKnownFileType = sourcecode.swift; path = AppDelegate.swift; sourceTree = "<group>"; };
		0423E9BC27185053004D6D57 /* SceneDelegate.swift */ = {isa = PBXFileReference; lastKnownFileType = sourcecode.swift; path = SceneDelegate.swift; sourceTree = "<group>"; };
		0423E9BE27185053004D6D57 /* ViewController.swift */ = {isa = PBXFileReference; lastKnownFileType = sourcecode.swift; path = ViewController.swift; sourceTree = "<group>"; };
		0423E9C127185053004D6D57 /* Base */ = {isa = PBXFileReference; lastKnownFileType = file.storyboard; name = Base; path = Base.lproj/Main.storyboard; sourceTree = "<group>"; };
		0423E9C327185054004D6D57 /* Assets.xcassets */ = {isa = PBXFileReference; lastKnownFileType = folder.assetcatalog; path = Assets.xcassets; sourceTree = "<group>"; };
		0423E9C627185054004D6D57 /* Base */ = {isa = PBXFileReference; lastKnownFileType = file.storyboard; name = Base; path = Base.lproj/LaunchScreen.storyboard; sourceTree = "<group>"; };
		0423E9C827185054004D6D57 /* Info.plist */ = {isa = PBXFileReference; lastKnownFileType = text.plist.xml; path = Info.plist; sourceTree = "<group>"; };
		049919A7271D4619006A24D0 /* MoviesResponse.swift */ = {isa = PBXFileReference; lastKnownFileType = sourcecode.swift; path = MoviesResponse.swift; sourceTree = "<group>"; };
		049919A9271D687F006A24D0 /* NetworkManager.swift */ = {isa = PBXFileReference; lastKnownFileType = sourcecode.swift; path = NetworkManager.swift; sourceTree = "<group>"; };
		04A02FE8271EEACB00E06095 /* MovieObject.swift */ = {isa = PBXFileReference; lastKnownFileType = sourcecode.swift; path = MovieObject.swift; sourceTree = "<group>"; };
		04A61E00271C070C0085E661 /* Recipe.swift */ = {isa = PBXFileReference; lastKnownFileType = sourcecode.swift; path = Recipe.swift; sourceTree = "<group>"; };
		04A61E02271C14420085E661 /* User.swift */ = {isa = PBXFileReference; lastKnownFileType = sourcecode.swift; path = User.swift; sourceTree = "<group>"; };
		04A61E04271C1C5D0085E661 /* RecipeCell.swift */ = {isa = PBXFileReference; lastKnownFileType = sourcecode.swift; path = RecipeCell.swift; sourceTree = "<group>"; };
		04C8EC6C272532E200CED0D6 /* TaskModel.swift */ = {isa = PBXFileReference; lastKnownFileType = sourcecode.swift; path = TaskModel.swift; sourceTree = "<group>"; };
		04C8EC6E272533AD00CED0D6 /* Task.swift */ = {isa = PBXFileReference; lastKnownFileType = sourcecode.swift; path = Task.swift; sourceTree = "<group>"; };
/* End PBXFileReference section */

/* Begin PBXFrameworksBuildPhase section */
		0423E9B427185053004D6D57 /* Frameworks */ = {
			isa = PBXFrameworksBuildPhase;
			buildActionMask = 2147483647;
			files = (
				0423E9D0271855E9004D6D57 /* Kingfisher in Frameworks */,
				04A61E08271C3EAB0085E661 /* Alamofire in Frameworks */,
			);
			runOnlyForDeploymentPostprocessing = 0;
		};
/* End PBXFrameworksBuildPhase section */

/* Begin PBXGroup section */
		0423E9AE27185053004D6D57 = {
			isa = PBXGroup;
			children = (
				0423E9B927185053004D6D57 /* GetDataFromApi */,
				0423E9B827185053004D6D57 /* Products */,
			);
			sourceTree = "<group>";
		};
		0423E9B827185053004D6D57 /* Products */ = {
			isa = PBXGroup;
			children = (
				0423E9B727185053004D6D57 /* GetDataFromApi.app */,
			);
			name = Products;
			sourceTree = "<group>";
		};
		0423E9B927185053004D6D57 /* GetDataFromApi */ = {
			isa = PBXGroup;
			children = (
				0423E9BA27185053004D6D57 /* AppDelegate.swift */,
				0423E9BC27185053004D6D57 /* SceneDelegate.swift */,
				0423E9BE27185053004D6D57 /* ViewController.swift */,
				04A61E04271C1C5D0085E661 /* RecipeCell.swift */,
				04A61E00271C070C0085E661 /* Recipe.swift */,
				049919A7271D4619006A24D0 /* MoviesResponse.swift */,
				04A61E02271C14420085E661 /* User.swift */,
				04A02FE8271EEACB00E06095 /* MovieObject.swift */,
				049919A9271D687F006A24D0 /* NetworkManager.swift */,
				04C8EC6C272532E200CED0D6 /* TaskModel.swift */,
				04C8EC6E272533AD00CED0D6 /* Task.swift */,
				0423E9C027185053004D6D57 /* Main.storyboard */,
				0423E9C327185054004D6D57 /* Assets.xcassets */,
				0423E9C527185054004D6D57 /* LaunchScreen.storyboard */,
				0423E9C827185054004D6D57 /* Info.plist */,
			);
			path = GetDataFromApi;
			sourceTree = "<group>";
		};
/* End PBXGroup section */

/* Begin PBXNativeTarget section */
		0423E9B627185053004D6D57 /* GetDataFromApi */ = {
			isa = PBXNativeTarget;
			buildConfigurationList = 0423E9CB27185054004D6D57 /* Build configuration list for PBXNativeTarget "GetDataFromApi" */;
			buildPhases = (
				0423E9B327185053004D6D57 /* Sources */,
				0423E9B427185053004D6D57 /* Frameworks */,
				0423E9B527185053004D6D57 /* Resources */,
			);
			buildRules = (
			);
			dependencies = (
			);
			name = GetDataFromApi;
			packageProductDependencies = (
				0423E9CF271855E9004D6D57 /* Kingfisher */,
				04A61E07271C3EAB0085E661 /* Alamofire */,
			);
			productName = GetDataFromApi;
			productReference = 0423E9B727185053004D6D57 /* GetDataFromApi.app */;
			productType = "com.apple.product-type.application";
		};
/* End PBXNativeTarget section */

/* Begin PBXProject section */
		0423E9AF27185053004D6D57 /* Project object */ = {
			isa = PBXProject;
			attributes = {
				BuildIndependentTargetsInParallel = 1;
				LastSwiftUpdateCheck = 1300;
				LastUpgradeCheck = 1300;
				TargetAttributes = {
					0423E9B627185053004D6D57 = {
						CreatedOnToolsVersion = 13.0;
					};
				};
			};
			buildConfigurationList = 0423E9B227185053004D6D57 /* Build configuration list for PBXProject "GetDataFromApi" */;
			compatibilityVersion = "Xcode 13.0";
			developmentRegion = en;
			hasScannedForEncodings = 0;
			knownRegions = (
				en,
				Base,
			);
			mainGroup = 0423E9AE27185053004D6D57;
			packageReferences = (
				0423E9CE271855E9004D6D57 /* XCRemoteSwiftPackageReference "Kingfisher" */,
				04A61E06271C3EAB0085E661 /* XCRemoteSwiftPackageReference "Alamofire" */,
			);
			productRefGroup = 0423E9B827185053004D6D57 /* Products */;
			projectDirPath = "";
			projectRoot = "";
			targets = (
				0423E9B627185053004D6D57 /* GetDataFromApi */,
			);
		};
/* End PBXProject section */

/* Begin PBXResourcesBuildPhase section */
		0423E9B527185053004D6D57 /* Resources */ = {
			isa = PBXResourcesBuildPhase;
			buildActionMask = 2147483647;
			files = (
				0423E9C727185054004D6D57 /* LaunchScreen.storyboard in Resources */,
				0423E9C427185054004D6D57 /* Assets.xcassets in Resources */,
				0423E9C227185053004D6D57 /* Main.storyboard in Resources */,
			);
			runOnlyForDeploymentPostprocessing = 0;
		};
/* End PBXResourcesBuildPhase section */

/* Begin PBXSourcesBuildPhase section */
		0423E9B327185053004D6D57 /* Sources */ = {
			isa = PBXSourcesBuildPhase;
			buildActionMask = 2147483647;
			files = (
				04A61E01271C070C0085E661 /* Recipe.swift in Sources */,
				0423E9BF27185053004D6D57 /* ViewController.swift in Sources */,
				04C8EC6D272532E200CED0D6 /* TaskModel.swift in Sources */,
				0423E9BB27185053004D6D57 /* AppDelegate.swift in Sources */,
				04C8EC6F272533AD00CED0D6 /* Task.swift in Sources */,
				049919A8271D4619006A24D0 /* MoviesResponse.swift in Sources */,
				049919AA271D687F006A24D0 /* NetworkManager.swift in Sources */,
				04A61E05271C1C5D0085E661 /* RecipeCell.swift in Sources */,
				04A02FE9271EEACB00E06095 /* MovieObject.swift in Sources */,
				04A61E03271C14420085E661 /* User.swift in Sources */,
				0423E9BD27185053004D6D57 /* SceneDelegate.swift in Sources */,
			);
			runOnlyForDeploymentPostprocessing = 0;
		};
/* End PBXSourcesBuildPhase section */

/* Begin PBXVariantGroup section */
		0423E9C027185053004D6D57 /* Main.storyboard */ = {
			isa = PBXVariantGroup;
			children = (
				0423E9C127185053004D6D57 /* Base */,
			);
			name = Main.storyboard;
			sourceTree = "<group>";
		};
		0423E9C527185054004D6D57 /* LaunchScreen.storyboard */ = {
			isa = PBXVariantGroup;
			children = (
				0423E9C627185054004D6D57 /* Base */,
			);
			name = LaunchScreen.storyboard;
			sourceTree = "<group>";
		};
/* End PBXVariantGroup section */

/* Begin XCBuildConfiguration section */
		0423E9C927185054004D6D57 /* Debug */ = {
			isa = XCBuildConfiguration;
			buildSettings = {
				ALWAYS_SEARCH_USER_PATHS = NO;
				CLANG_ANALYZER_NONNULL = YES;
				CLANG_ANALYZER_NUMBER_OBJECT_CONVERSION = YES_AGGRESSIVE;
				CLANG_CXX_LANGUAGE_STANDARD = "gnu++17";
				CLANG_CXX_LIBRARY = "libc++";
				CLANG_ENABLE_MODULES = YES;
				CLANG_ENABLE_OBJC_ARC = YES;
				CLANG_ENABLE_OBJC_WEAK = YES;
				CLANG_WARN_BLOCK_CAPTURE_AUTORELEASING = YES;
				CLANG_WARN_BOOL_CONVERSION = YES;
				CLANG_WARN_COMMA = YES;
				CLANG_WARN_CONSTANT_CONVERSION = YES;
				CLANG_WARN_DEPRECATED_OBJC_IMPLEMENTATIONS = YES;
				CLANG_WARN_DIRECT_OBJC_ISA_USAGE = YES_ERROR;
				CLANG_WARN_DOCUMENTATION_COMMENTS = YES;
				CLANG_WARN_EMPTY_BODY = YES;
				CLANG_WARN_ENUM_CONVERSION = YES;
				CLANG_WARN_INFINITE_RECURSION = YES;
				CLANG_WARN_INT_CONVERSION = YES;
				CLANG_WARN_NON_LITERAL_NULL_CONVERSION = YES;
				CLANG_WARN_OBJC_IMPLICIT_RETAIN_SELF = YES;
				CLANG_WARN_OBJC_LITERAL_CONVERSION = YES;
				CLANG_WARN_OBJC_ROOT_CLASS = YES_ERROR;
				CLANG_WARN_QUOTED_INCLUDE_IN_FRAMEWORK_HEADER = YES;
				CLANG_WARN_RANGE_LOOP_ANALYSIS = YES;
				CLANG_WARN_STRICT_PROTOTYPES = YES;
				CLANG_WARN_SUSPICIOUS_MOVE = YES;
				CLANG_WARN_UNGUARDED_AVAILABILITY = YES_AGGRESSIVE;
				CLANG_WARN_UNREACHABLE_CODE = YES;
				CLANG_WARN__DUPLICATE_METHOD_MATCH = YES;
				COPY_PHASE_STRIP = NO;
				DEBUG_INFORMATION_FORMAT = dwarf;
				ENABLE_STRICT_OBJC_MSGSEND = YES;
				ENABLE_TESTABILITY = YES;
				GCC_C_LANGUAGE_STANDARD = gnu11;
				GCC_DYNAMIC_NO_PIC = NO;
				GCC_NO_COMMON_BLOCKS = YES;
				GCC_OPTIMIZATION_LEVEL = 0;
				GCC_PREPROCESSOR_DEFINITIONS = (
					"DEBUG=1",
					"$(inherited)",
				);
				GCC_WARN_64_TO_32_BIT_CONVERSION = YES;
				GCC_WARN_ABOUT_RETURN_TYPE = YES_ERROR;
				GCC_WARN_UNDECLARED_SELECTOR = YES;
				GCC_WARN_UNINITIALIZED_AUTOS = YES_AGGRESSIVE;
				GCC_WARN_UNUSED_FUNCTION = YES;
				GCC_WARN_UNUSED_VARIABLE = YES;
				IPHONEOS_DEPLOYMENT_TARGET = 15.0;
				MTL_ENABLE_DEBUG_INFO = INCLUDE_SOURCE;
				MTL_FAST_MATH = YES;
				ONLY_ACTIVE_ARCH = YES;
				SDKROOT = iphoneos;
				SWIFT_ACTIVE_COMPILATION_CONDITIONS = DEBUG;
				SWIFT_OPTIMIZATION_LEVEL = "-Onone";
			};
			name = Debug;
		};
		0423E9CA27185054004D6D57 /* Release */ = {
			isa = XCBuildConfiguration;
			buildSettings = {
				ALWAYS_SEARCH_USER_PATHS = NO;
				CLANG_ANALYZER_NONNULL = YES;
				CLANG_ANALYZER_NUMBER_OBJECT_CONVERSION = YES_AGGRESSIVE;
				CLANG_CXX_LANGUAGE_STANDARD = "gnu++17";
				CLANG_CXX_LIBRARY = "libc++";
				CLANG_ENABLE_MODULES = YES;
				CLANG_ENABLE_OBJC_ARC = YES;
				CLANG_ENABLE_OBJC_WEAK = YES;
				CLANG_WARN_BLOCK_CAPTURE_AUTORELEASING = YES;
				CLANG_WARN_BOOL_CONVERSION = YES;
				CLANG_WARN_COMMA = YES;
				CLANG_WARN_CONSTANT_CONVERSION = YES;
				CLANG_WARN_DEPRECATED_OBJC_IMPLEMENTATIONS = YES;
				CLANG_WARN_DIRECT_OBJC_ISA_USAGE = YES_ERROR;
				CLANG_WARN_DOCUMENTATION_COMMENTS = YES;
				CLANG_WARN_EMPTY_BODY = YES;
				CLANG_WARN_ENUM_CONVERSION = YES;
				CLANG_WARN_INFINITE_RECURSION = YES;
				CLANG_WARN_INT_CONVERSION = YES;
				CLANG_WARN_NON_LITERAL_NULL_CONVERSION = YES;
				CLANG_WARN_OBJC_IMPLICIT_RETAIN_SELF = YES;
				CLANG_WARN_OBJC_LITERAL_CONVERSION = YES;
				CLANG_WARN_OBJC_ROOT_CLASS = YES_ERROR;
				CLANG_WARN_QUOTED_INCLUDE_IN_FRAMEWORK_HEADER = YES;
				CLANG_WARN_RANGE_LOOP_ANALYSIS = YES;
				CLANG_WARN_STRICT_PROTOTYPES = YES;
				CLANG_WARN_SUSPICIOUS_MOVE = YES;
				CLANG_WARN_UNGUARDED_AVAILABILITY = YES_AGGRESSIVE;
				CLANG_WARN_UNREACHABLE_CODE = YES;
				CLANG_WARN__DUPLICATE_METHOD_MATCH = YES;
				COPY_PHASE_STRIP = NO;
				DEBUG_INFORMATION_FORMAT = "dwarf-with-dsym";
				ENABLE_NS_ASSERTIONS = NO;
				ENABLE_STRICT_OBJC_MSGSEND = YES;
				GCC_C_LANGUAGE_STANDARD = gnu11;
				GCC_NO_COMMON_BLOCKS = YES;
				GCC_WARN_64_TO_32_BIT_CONVERSION = YES;
				GCC_WARN_ABOUT_RETURN_TYPE = YES_ERROR;
				GCC_WARN_UNDECLARED_SELECTOR = YES;
				GCC_WARN_UNINITIALIZED_AUTOS = YES_AGGRESSIVE;
				GCC_WARN_UNUSED_FUNCTION = YES;
				GCC_WARN_UNUSED_VARIABLE = YES;
				IPHONEOS_DEPLOYMENT_TARGET = 15.0;
				MTL_ENABLE_DEBUG_INFO = NO;
				MTL_FAST_MATH = YES;
				SDKROOT = iphoneos;
				SWIFT_COMPILATION_MODE = wholemodule;
				SWIFT_OPTIMIZATION_LEVEL = "-O";
				VALIDATE_PRODUCT = YES;
			};
			name = Release;
		};
		0423E9CC27185054004D6D57 /* Debug */ = {
			isa = XCBuildConfiguration;
			buildSettings = {
				ASSETCATALOG_COMPILER_APPICON_NAME = AppIcon;
				ASSETCATALOG_COMPILER_GLOBAL_ACCENT_COLOR_NAME = AccentColor;
				CODE_SIGN_STYLE = Automatic;
				CURRENT_PROJECT_VERSION = 1;
				DEVELOPMENT_TEAM = 3BYY9V27X7;
				GENERATE_INFOPLIST_FILE = YES;
				INFOPLIST_FILE = GetDataFromApi/Info.plist;
				INFOPLIST_KEY_UIApplicationSupportsIndirectInputEvents = YES;
				INFOPLIST_KEY_UILaunchStoryboardName = LaunchScreen;
				INFOPLIST_KEY_UIMainStoryboardFile = Main;
				INFOPLIST_KEY_UISupportedInterfaceOrientations_iPad = "UIInterfaceOrientationPortrait UIInterfaceOrientationPortraitUpsideDown UIInterfaceOrientationLandscapeLeft UIInterfaceOrientationLandscapeRight";
				INFOPLIST_KEY_UISupportedInterfaceOrientations_iPhone = "UIInterfaceOrientationPortrait UIInterfaceOrientationLandscapeLeft UIInterfaceOrientationLandscapeRight";
				LD_RUNPATH_SEARCH_PATHS = (
					"$(inherited)",
					"@executable_path/Frameworks",
				);
				MARKETING_VERSION = 1.0;
				PRODUCT_BUNDLE_IDENTIFIER = com.ashishpisey.GetDataFromApi;
				PRODUCT_NAME = "$(TARGET_NAME)";
				SWIFT_EMIT_LOC_STRINGS = YES;
				SWIFT_VERSION = 5.0;
				TARGETED_DEVICE_FAMILY = "1,2";
			};
			name = Debug;
		};
		0423E9CD27185054004D6D57 /* Release */ = {
			isa = XCBuildConfiguration;
			buildSettings = {
				ASSETCATALOG_COMPILER_APPICON_NAME = AppIcon;
				ASSETCATALOG_COMPILER_GLOBAL_ACCENT_COLOR_NAME = AccentColor;
				CODE_SIGN_STYLE = Automatic;
				CURRENT_PROJECT_VERSION = 1;
				DEVELOPMENT_TEAM = 3BYY9V27X7;
				GENERATE_INFOPLIST_FILE = YES;
				INFOPLIST_FILE = GetDataFromApi/Info.plist;
				INFOPLIST_KEY_UIApplicationSupportsIndirectInputEvents = YES;
				INFOPLIST_KEY_UILaunchStoryboardName = LaunchScreen;
				INFOPLIST_KEY_UIMainStoryboardFile = Main;
				INFOPLIST_KEY_UISupportedInterfaceOrientations_iPad = "UIInterfaceOrientationPortrait UIInterfaceOrientationPortraitUpsideDown UIInterfaceOrientationLandscapeLeft UIInterfaceOrientationLandscapeRight";
				INFOPLIST_KEY_UISupportedInterfaceOrientations_iPhone = "UIInterfaceOrientationPortrait UIInterfaceOrientationLandscapeLeft UIInterfaceOrientationLandscapeRight";
				LD_RUNPATH_SEARCH_PATHS = (
					"$(inherited)",
					"@executable_path/Frameworks",
				);
				MARKETING_VERSION = 1.0;
				PRODUCT_BUNDLE_IDENTIFIER = com.ashishpisey.GetDataFromApi;
				PRODUCT_NAME = "$(TARGET_NAME)";
				SWIFT_EMIT_LOC_STRINGS = YES;
				SWIFT_VERSION = 5.0;
				TARGETED_DEVICE_FAMILY = "1,2";
			};
			name = Release;
		};
/* End XCBuildConfiguration section */

/* Begin XCConfigurationList section */
		0423E9B227185053004D6D57 /* Build configuration list for PBXProject "GetDataFromApi" */ = {
			isa = XCConfigurationList;
			buildConfigurations = (
				0423E9C927185054004D6D57 /* Debug */,
				0423E9CA27185054004D6D57 /* Release */,
			);
			defaultConfigurationIsVisible = 0;
			defaultConfigurationName = Release;
		};
		0423E9CB27185054004D6D57 /* Build configuration list for PBXNativeTarget "GetDataFromApi" */ = {
			isa = XCConfigurationList;
			buildConfigurations = (
				0423E9CC27185054004D6D57 /* Debug */,
				0423E9CD27185054004D6D57 /* Release */,
			);
			defaultConfigurationIsVisible = 0;
			defaultConfigurationName = Release;
		};
/* End XCConfigurationList section */

/* Begin XCRemoteSwiftPackageReference section */
		0423E9CE271855E9004D6D57 /* XCRemoteSwiftPackageReference "Kingfisher" */ = {
			isa = XCRemoteSwiftPackageReference;
			repositoryURL = "https://github.com/onevcat/Kingfisher.git";
			requirement = {
				branch = master;
				kind = branch;
			};
		};
		04A61E06271C3EAB0085E661 /* XCRemoteSwiftPackageReference "Alamofire" */ = {
			isa = XCRemoteSwiftPackageReference;
			repositoryURL = "https://github.com/Alamofire/Alamofire";
			requirement = {
				kind = upToNextMajorVersion;
				minimumVersion = 5.0.0;
			};
		};
/* End XCRemoteSwiftPackageReference section */

/* Begin XCSwiftPackageProductDependency section */
		0423E9CF271855E9004D6D57 /* Kingfisher */ = {
			isa = XCSwiftPackageProductDependency;
			package = 0423E9CE271855E9004D6D57 /* XCRemoteSwiftPackageReference "Kingfisher" */;
			productName = Kingfisher;
		};
		04A61E07271C3EAB0085E661 /* Alamofire */ = {
			isa = XCSwiftPackageProductDependency;
			package = 04A61E06271C3EAB0085E661 /* XCRemoteSwiftPackageReference "Alamofire" */;
			productName = Alamofire;
		};
/* End XCSwiftPackageProductDependency section */
	};
	rootObject = 0423E9AF27185053004D6D57 /* Project object */;
}
